
Microsoft Visual Studio Solution File, Format Version 12.00
# Visual Studio 2012
Project("{FAE04EC0-301F-11D3-BF4B-00C04F79EFBC}") = "NH.Data", "NH.Data\NH.Data.csproj", "{B24F6ED5-75DC-4FED-97D4-10FA9DD5B95D}"
EndProject
Project("{FAE04EC0-301F-11D3-BF4B-00C04F79EFBC}") = "Example", "Example\Example.csproj", "{521A8CC0-1C40-4552-8239-FA88772AF493}"
EndProject
Project("{FAE04EC0-301F-11D3-BF4B-00C04F79EFBC}") = "NH.Data.Restaurants", "NH.Data.Restaurants\NH.Data.Restaurants.csproj", "{CCC017D4-5B95-415D-ABF8-574D78B7BD45}"
EndProject
Project("{FAE04EC0-301F-11D3-BF4B-00C04F79EFBC}") = "NH.Data.Tests", "NH.Data.Tests\NH.Data.Tests.csproj", "{C28ED763-593D-42B8-883C-3D672431B6A3}"
EndProject
Project("{FAE04EC0-301F-11D3-BF4B-00C04F79EFBC}") = "NH.Data.Northwind", "NH.Data.Northwind\NH.Data.Northwind.csproj", "{F9405881-9DDF-496B-9A44-FDE8DDB655AC}"
EndProject
Project("{2150E333-8FDC-42A3-9474-1A3956D46DE8}") = ".nuget", ".nuget", "{F926BB99-5A6F-4C37-8951-EE5F345E56A3}"
	ProjectSection(SolutionItems) = preProject
		.nuget\NuGet.Config = .nuget\NuGet.Config
		.nuget\NuGet.exe = .nuget\NuGet.exe
		.nuget\NuGet.targets = .nuget\NuGet.targets
	EndProjectSection
EndProject
Project("{2150E333-8FDC-42A3-9474-1A3956D46DE8}") = "Databases", "Databases", "{A614484A-9DC0-49C3-80BD-A28F6A7699DD}"
EndProject
Project("{FAE04EC0-301F-11D3-BF4B-00C04F79EFBC}") = "NH.Data.Testing", "NH.Data.Testing\NH.Data.Testing.csproj", "{933739FD-05B9-4247-AEA2-E1B4BEE7E418}"
EndProject
Project("{FAE04EC0-301F-11D3-BF4B-00C04F79EFBC}") = "NH.Data.Northwind.Tests", "NH.Data.Northwind.Tests\NH.Data.Northwind.Tests.csproj", "{0A4E92AA-666C-4461-BFD6-AA3F790A557F}"
EndProject
Global
	GlobalSection(SolutionConfigurationPlatforms) = preSolution
		Debug|Any CPU = Debug|Any CPU
		Debug|Mixed Platforms = Debug|Mixed Platforms
		Debug|x86 = Debug|x86
		Release|Any CPU = Release|Any CPU
		Release|Mixed Platforms = Release|Mixed Platforms
		Release|x86 = Release|x86
	EndGlobalSection
	GlobalSection(ProjectConfigurationPlatforms) = postSolution
		{B24F6ED5-75DC-4FED-97D4-10FA9DD5B95D}.Debug|Any CPU.ActiveCfg = Debug|Any CPU
		{B24F6ED5-75DC-4FED-97D4-10FA9DD5B95D}.Debug|Any CPU.Build.0 = Debug|Any CPU
		{B24F6ED5-75DC-4FED-97D4-10FA9DD5B95D}.Debug|Mixed Platforms.ActiveCfg = Debug|Any CPU
		{B24F6ED5-75DC-4FED-97D4-10FA9DD5B95D}.Debug|Mixed Platforms.Build.0 = Debug|Any CPU
		{B24F6ED5-75DC-4FED-97D4-10FA9DD5B95D}.Debug|x86.ActiveCfg = Debug|Any CPU
		{B24F6ED5-75DC-4FED-97D4-10FA9DD5B95D}.Release|Any CPU.ActiveCfg = Release|Any CPU
		{B24F6ED5-75DC-4FED-97D4-10FA9DD5B95D}.Release|Any CPU.Build.0 = Release|Any CPU
		{B24F6ED5-75DC-4FED-97D4-10FA9DD5B95D}.Release|Mixed Platforms.ActiveCfg = Release|Any CPU
		{B24F6ED5-75DC-4FED-97D4-10FA9DD5B95D}.Release|Mixed Platforms.Build.0 = Release|Any CPU
		{B24F6ED5-75DC-4FED-97D4-10FA9DD5B95D}.Release|x86.ActiveCfg = Release|Any CPU
		{521A8CC0-1C40-4552-8239-FA88772AF493}.Debug|Any CPU.ActiveCfg = Debug|x86
		{521A8CC0-1C40-4552-8239-FA88772AF493}.Debug|Mixed Platforms.ActiveCfg = Debug|x86
		{521A8CC0-1C40-4552-8239-FA88772AF493}.Debug|Mixed Platforms.Build.0 = Debug|x86
		{521A8CC0-1C40-4552-8239-FA88772AF493}.Debug|x86.ActiveCfg = Debug|x86
		{521A8CC0-1C40-4552-8239-FA88772AF493}.Debug|x86.Build.0 = Debug|x86
		{521A8CC0-1C40-4552-8239-FA88772AF493}.Release|Any CPU.ActiveCfg = Release|x86
		{521A8CC0-1C40-4552-8239-FA88772AF493}.Release|Mixed Platforms.ActiveCfg = Release|x86
		{521A8CC0-1C40-4552-8239-FA88772AF493}.Release|Mixed Platforms.Build.0 = Release|x86
		{521A8CC0-1C40-4552-8239-FA88772AF493}.Release|x86.ActiveCfg = Release|x86
		{521A8CC0-1C40-4552-8239-FA88772AF493}.Release|x86.Build.0 = Release|x86
		{CCC017D4-5B95-415D-ABF8-574D78B7BD45}.Debug|Any CPU.ActiveCfg = Debug|Any CPU
		{CCC017D4-5B95-415D-ABF8-574D78B7BD45}.Debug|Any CPU.Build.0 = Debug|Any CPU
		{CCC017D4-5B95-415D-ABF8-574D78B7BD45}.Debug|Mixed Platforms.ActiveCfg = Debug|Any CPU
		{CCC017D4-5B95-415D-ABF8-574D78B7BD45}.Debug|Mixed Platforms.Build.0 = Debug|Any CPU
		{CCC017D4-5B95-415D-ABF8-574D78B7BD45}.Debug|x86.ActiveCfg = Debug|Any CPU
		{CCC017D4-5B95-415D-ABF8-574D78B7BD45}.Release|Any CPU.ActiveCfg = Release|Any CPU
		{CCC017D4-5B95-415D-ABF8-574D78B7BD45}.Release|Any CPU.Build.0 = Release|Any CPU
		{CCC017D4-5B95-415D-ABF8-574D78B7BD45}.Release|Mixed Platforms.ActiveCfg = Release|Any CPU
		{CCC017D4-5B95-415D-ABF8-574D78B7BD45}.Release|Mixed Platforms.Build.0 = Release|Any CPU
		{CCC017D4-5B95-415D-ABF8-574D78B7BD45}.Release|x86.ActiveCfg = Release|Any CPU
		{C28ED763-593D-42B8-883C-3D672431B6A3}.Debug|Any CPU.ActiveCfg = Debug|Any CPU
		{C28ED763-593D-42B8-883C-3D672431B6A3}.Debug|Any CPU.Build.0 = Debug|Any CPU
		{C28ED763-593D-42B8-883C-3D672431B6A3}.Debug|Mixed Platforms.ActiveCfg = Debug|x86
		{C28ED763-593D-42B8-883C-3D672431B6A3}.Debug|Mixed Platforms.Build.0 = Debug|x86
		{C28ED763-593D-42B8-883C-3D672431B6A3}.Debug|x86.ActiveCfg = Debug|Any CPU
		{C28ED763-593D-42B8-883C-3D672431B6A3}.Release|Any CPU.ActiveCfg = Release|Any CPU
		{C28ED763-593D-42B8-883C-3D672431B6A3}.Release|Any CPU.Build.0 = Release|Any CPU
		{C28ED763-593D-42B8-883C-3D672431B6A3}.Release|Mixed Platforms.ActiveCfg = Release|Any CPU
		{C28ED763-593D-42B8-883C-3D672431B6A3}.Release|Mixed Platforms.Build.0 = Release|Any CPU
		{C28ED763-593D-42B8-883C-3D672431B6A3}.Release|x86.ActiveCfg = Release|Any CPU
		{F9405881-9DDF-496B-9A44-FDE8DDB655AC}.Debug|Any CPU.ActiveCfg = Debug|Any CPU
		{F9405881-9DDF-496B-9A44-FDE8DDB655AC}.Debug|Any CPU.Build.0 = Debug|Any CPU
		{F9405881-9DDF-496B-9A44-FDE8DDB655AC}.Debug|Mixed Platforms.ActiveCfg = Debug|Any CPU
		{F9405881-9DDF-496B-9A44-FDE8DDB655AC}.Debug|Mixed Platforms.Build.0 = Debug|Any CPU
		{F9405881-9DDF-496B-9A44-FDE8DDB655AC}.Debug|x86.ActiveCfg = Debug|Any CPU
		{F9405881-9DDF-496B-9A44-FDE8DDB655AC}.Release|Any CPU.ActiveCfg = Release|Any CPU
		{F9405881-9DDF-496B-9A44-FDE8DDB655AC}.Release|Any CPU.Build.0 = Release|Any CPU
		{F9405881-9DDF-496B-9A44-FDE8DDB655AC}.Release|Mixed Platforms.ActiveCfg = Release|Any CPU
		{F9405881-9DDF-496B-9A44-FDE8DDB655AC}.Release|Mixed Platforms.Build.0 = Release|Any CPU
		{F9405881-9DDF-496B-9A44-FDE8DDB655AC}.Release|x86.ActiveCfg = Release|Any CPU
		{933739FD-05B9-4247-AEA2-E1B4BEE7E418}.Debug|Any CPU.ActiveCfg = Debug|Any CPU
		{933739FD-05B9-4247-AEA2-E1B4BEE7E418}.Debug|Any CPU.Build.0 = Debug|Any CPU
		{933739FD-05B9-4247-AEA2-E1B4BEE7E418}.Debug|Mixed Platforms.ActiveCfg = Debug|Any CPU
		{933739FD-05B9-4247-AEA2-E1B4BEE7E418}.Debug|Mixed Platforms.Build.0 = Debug|Any CPU
		{933739FD-05B9-4247-AEA2-E1B4BEE7E418}.Debug|x86.ActiveCfg = Debug|Any CPU
		{933739FD-05B9-4247-AEA2-E1B4BEE7E418}.Release|Any CPU.ActiveCfg = Release|Any CPU
		{933739FD-05B9-4247-AEA2-E1B4BEE7E418}.Release|Any CPU.Build.0 = Release|Any CPU
		{933739FD-05B9-4247-AEA2-E1B4BEE7E418}.Release|Mixed Platforms.ActiveCfg = Release|Any CPU
		{933739FD-05B9-4247-AEA2-E1B4BEE7E418}.Release|Mixed Platforms.Build.0 = Release|Any CPU
		{933739FD-05B9-4247-AEA2-E1B4BEE7E418}.Release|x86.ActiveCfg = Release|Any CPU
		{0A4E92AA-666C-4461-BFD6-AA3F790A557F}.Debug|Any CPU.ActiveCfg = Debug|Any CPU
		{0A4E92AA-666C-4461-BFD6-AA3F790A557F}.Debug|Any CPU.Build.0 = Debug|Any CPU
		{0A4E92AA-666C-4461-BFD6-AA3F790A557F}.Debug|Mixed Platforms.ActiveCfg = Debug|Any CPU
		{0A4E92AA-666C-4461-BFD6-AA3F790A557F}.Debug|Mixed Platforms.Build.0 = Debug|Any CPU
		{0A4E92AA-666C-4461-BFD6-AA3F790A557F}.Debug|x86.ActiveCfg = Debug|Any CPU
		{0A4E92AA-666C-4461-BFD6-AA3F790A557F}.Release|Any CPU.ActiveCfg = Release|Any CPU
		{0A4E92AA-666C-4461-BFD6-AA3F790A557F}.Release|Any CPU.Build.0 = Release|Any CPU
		{0A4E92AA-666C-4461-BFD6-AA3F790A557F}.Release|Mixed Platforms.ActiveCfg = Release|Any CPU
		{0A4E92AA-666C-4461-BFD6-AA3F790A557F}.Release|Mixed Platforms.Build.0 = Release|Any CPU
		{0A4E92AA-666C-4461-BFD6-AA3F790A557F}.Release|x86.ActiveCfg = Release|Any CPU
	EndGlobalSection
	GlobalSection(SolutionProperties) = preSolution
		HideSolutionNode = FALSE
	EndGlobalSection
	GlobalSection(NestedProjects) = preSolution
		{F9405881-9DDF-496B-9A44-FDE8DDB655AC} = {A614484A-9DC0-49C3-80BD-A28F6A7699DD}
		{CCC017D4-5B95-415D-ABF8-574D78B7BD45} = {A614484A-9DC0-49C3-80BD-A28F6A7699DD}
		{0A4E92AA-666C-4461-BFD6-AA3F790A557F} = {A614484A-9DC0-49C3-80BD-A28F6A7699DD}
	EndGlobalSection
EndGlobal
